
Microsoft Visual Studio Solution File, Format Version 12.00
# Visual Studio Version 17
VisualStudioVersion = 17.4.33213.308
MinimumVisualStudioVersion = 10.0.40219.1
Project("{9A19103F-16F7-4668-BE54-9A1E7A4F7556}") = "StudentPortal", "StudentPortal\StudentPortal.csproj", "{05D97DFA-F901-4019-A6D1-184524F64195}"
EndProject
Project("{FAE04EC0-301F-11D3-BF4B-00C04F79EFBC}") = "StudentPortal.Mvc", "StudentPortal.Mvc\StudentPortal.Mvc.csproj", "{CE88E304-AEF3-45DA-994B-0D86B0A7168F}"
EndProject
Global
	GlobalSection(SolutionConfigurationPlatforms) = preSolution
		Debug|Any CPU = Debug|Any CPU
		Release|Any CPU = Release|Any CPU
	EndGlobalSection
	GlobalSection(ProjectConfigurationPlatforms) = postSolution
		{05D97DFA-F901-4019-A6D1-184524F64195}.Debug|Any CPU.ActiveCfg = Debug|Any CPU
		{05D97DFA-F901-4019-A6D1-184524F64195}.Debug|Any CPU.Build.0 = Debug|Any CPU
		{05D97DFA-F901-4019-A6D1-184524F64195}.Release|Any CPU.ActiveCfg = Release|Any CPU
		{05D97DFA-F901-4019-A6D1-184524F64195}.Release|Any CPU.Build.0 = Release|Any CPU
		{CE88E304-AEF3-45DA-994B-0D86B0A7168F}.Debug|Any CPU.ActiveCfg = Debug|Any CPU
		{CE88E304-AEF3-45DA-994B-0D86B0A7168F}.Debug|Any CPU.Build.0 = Debug|Any CPU
		{CE88E304-AEF3-45DA-994B-0D86B0A7168F}.Release|Any CPU.ActiveCfg = Release|Any CPU
		{CE88E304-AEF3-45DA-994B-0D86B0A7168F}.Release|Any CPU.Build.0 = Release|Any CPU
	EndGlobalSection
	GlobalSection(SolutionProperties) = preSolution
		HideSolutionNode = FALSE
	EndGlobalSection
	GlobalSection(ExtensibilityGlobals) = postSolution
		SolutionGuid = {2D9BADDC-C0DB-40D6-A6B7-4A7E933816A8}
	EndGlobalSection
EndGlobal
